
Microsoft Visual Studio Solution File, Format Version 12.00
# Visual Studio Version 17
VisualStudioVersion = 17.9.34728.123
MinimumVisualStudioVersion = 10.0.40219.1
Project("{FAE04EC0-301F-11D3-BF4B-00C04F79EFBC}") = "opt10081", "opt10081\opt10081.csproj", "{1AE23909-0330-4F6A-BC98-54B65201D351}"
EndProject
Global
	GlobalSection(SolutionConfigurationPlatforms) = preSolution
		Debug|Any CPU = Debug|Any CPU
		Release|Any CPU = Release|Any CPU
	EndGlobalSection
	GlobalSection(ProjectConfigurationPlatforms) = postSolution
		{1AE23909-0330-4F6A-BC98-54B65201D351}.Debug|Any CPU.ActiveCfg = Debug|Any CPU
		{1AE23909-0330-4F6A-BC98-54B65201D351}.Debug|Any CPU.Build.0 = Debug|Any CPU
		{1AE23909-0330-4F6A-BC98-54B65201D351}.Release|Any CPU.ActiveCfg = Release|Any CPU
		{1AE23909-0330-4F6A-BC98-54B65201D351}.Release|Any CPU.Build.0 = Release|Any CPU
	EndGlobalSection
	GlobalSection(SolutionProperties) = preSolution
		HideSolutionNode = FALSE
	EndGlobalSection
	GlobalSection(ExtensibilityGlobals) = postSolution
		SolutionGuid = {C6D815A8-A0D1-4EA6-BFEA-5B5092DF8439}
	EndGlobalSection
EndGlobal
